
Microsoft Visual Studio Solution File, Format Version 12.00
# Visual Studio 14
VisualStudioVersion = 14.0.25420.1
MinimumVisualStudioVersion = 10.0.40219.1
Project("{2150E333-8FDC-42A3-9474-1A3956D46DE8}") = "Solution Items", "Solution Items", "{2C7F032F-6286-4177-9034-0E84337D4750}"
	ProjectSection(SolutionItems) = preProject
		global.json = global.json
	EndProjectSection
EndProject
Project("{FAE04EC0-301F-11D3-BF4B-00C04F79EFBC}") = "Product.Demo", "Product.Demo.UI\Product.Demo.csproj", "{9C89CF12-4D73-4DA2-A4EC-0FB9DCB35894}"
EndProject
Global
	GlobalSection(SolutionConfigurationPlatforms) = preSolution
		Debug|Any CPU = Debug|Any CPU
		Release|Any CPU = Release|Any CPU
	EndGlobalSection
	GlobalSection(ProjectConfigurationPlatforms) = postSolution
		{9C89CF12-4D73-4DA2-A4EC-0FB9DCB35894}.Debug|Any CPU.ActiveCfg = Debug|Any CPU
		{9C89CF12-4D73-4DA2-A4EC-0FB9DCB35894}.Debug|Any CPU.Build.0 = Debug|Any CPU
		{9C89CF12-4D73-4DA2-A4EC-0FB9DCB35894}.Release|Any CPU.ActiveCfg = Release|Any CPU
		{9C89CF12-4D73-4DA2-A4EC-0FB9DCB35894}.Release|Any CPU.Build.0 = Release|Any CPU
	EndGlobalSection
	GlobalSection(SolutionProperties) = preSolution
		HideSolutionNode = FALSE
	EndGlobalSection
EndGlobal
